
Microsoft Visual Studio Solution File, Format Version 12.00
# Visual Studio Version 16
VisualStudioVersion = 16.0.31911.196
MinimumVisualStudioVersion = 10.0.40219.1
Project("{FAE04EC0-301F-11D3-BF4B-00C04F79EFBC}") = "MentoringCSharp", "MentoringCSharp\MentoringCSharp.csproj", "{EC0C396C-6DDE-4C44-970F-54C5085B560F}"
EndProject
Project("{9A19103F-16F7-4668-BE54-9A1E7A4F7556}") = "EFCore.WebAPI", "EFCore.WebAPI\EFCore.WebAPI.csproj", "{A807A69E-CD0E-4079-A3EB-B9BFE78A837C}"
EndProject
Project("{9A19103F-16F7-4668-BE54-9A1E7A4F7556}") = "Calculator.WebAPI", "Calculator.WebAPI\Calculator.WebAPI.csproj", "{4C1478CE-F84A-4C4F-AA9E-1C81636B005A}"
EndProject
Project("{9A19103F-16F7-4668-BE54-9A1E7A4F7556}") = "RestWithASPNET", "RestWithASPNET\RestWithASPNET.csproj", "{4F6A65FF-5626-48E4-AE6D-B66AA872F4F6}"
EndProject
Project("{FAE04EC0-301F-11D3-BF4B-00C04F79EFBC}") = "RestWithASPNET.Test", "RestWithASPNET.Test\RestWithASPNET.Test.csproj", "{894077FA-360B-4318-A9AE-461F1EFCBD1D}"
EndProject
Project("{FAE04EC0-301F-11D3-BF4B-00C04F79EFBC}") = "SOLID", "SOLID\SOLID.csproj", "{AF5E2358-9F42-4956-B356-BB2D4C990427}"
EndProject
Project("{2150E333-8FDC-42A3-9474-1A3956D46DE8}") = "Web", "Web", "{34D79BF9-F913-4640-8422-AF94511CA5D7}"
EndProject
Project("{E24C65DC-7377-472B-9ABA-BC803B73C61A}") = "RestWithASPNET.Web", "Web\RestWithASPNET.Web\", "{A34CDD83-A468-4B39-9DA0-6A5310E2AECD}"
	ProjectSection(WebsiteProperties) = preProject
		TargetFrameworkMoniker = ".NETFramework,Version%3Dv4.0"
		Debug.AspNetCompiler.VirtualPath = "/localhost_61898"
		Debug.AspNetCompiler.PhysicalPath = "Web\RestWithASPNET.Web\"
		Debug.AspNetCompiler.TargetPath = "PrecompiledWeb\localhost_61898\"
		Debug.AspNetCompiler.Updateable = "true"
		Debug.AspNetCompiler.ForceOverwrite = "true"
		Debug.AspNetCompiler.FixedNames = "false"
		Debug.AspNetCompiler.Debug = "True"
		Release.AspNetCompiler.VirtualPath = "/localhost_61898"
		Release.AspNetCompiler.PhysicalPath = "Web\RestWithASPNET.Web\"
		Release.AspNetCompiler.TargetPath = "PrecompiledWeb\localhost_61898\"
		Release.AspNetCompiler.Updateable = "true"
		Release.AspNetCompiler.ForceOverwrite = "true"
		Release.AspNetCompiler.FixedNames = "false"
		Release.AspNetCompiler.Debug = "False"
		VWDPort = "61898"
	EndProjectSection
EndProject
Global
	GlobalSection(SolutionConfigurationPlatforms) = preSolution
		Debug|Any CPU = Debug|Any CPU
		Release|Any CPU = Release|Any CPU
	EndGlobalSection
	GlobalSection(ProjectConfigurationPlatforms) = postSolution
		{EC0C396C-6DDE-4C44-970F-54C5085B560F}.Debug|Any CPU.ActiveCfg = Debug|Any CPU
		{EC0C396C-6DDE-4C44-970F-54C5085B560F}.Debug|Any CPU.Build.0 = Debug|Any CPU
		{EC0C396C-6DDE-4C44-970F-54C5085B560F}.Release|Any CPU.ActiveCfg = Release|Any CPU
		{EC0C396C-6DDE-4C44-970F-54C5085B560F}.Release|Any CPU.Build.0 = Release|Any CPU
		{A807A69E-CD0E-4079-A3EB-B9BFE78A837C}.Debug|Any CPU.ActiveCfg = Debug|Any CPU
		{A807A69E-CD0E-4079-A3EB-B9BFE78A837C}.Debug|Any CPU.Build.0 = Debug|Any CPU
		{A807A69E-CD0E-4079-A3EB-B9BFE78A837C}.Release|Any CPU.ActiveCfg = Release|Any CPU
		{A807A69E-CD0E-4079-A3EB-B9BFE78A837C}.Release|Any CPU.Build.0 = Release|Any CPU
		{4C1478CE-F84A-4C4F-AA9E-1C81636B005A}.Debug|Any CPU.ActiveCfg = Debug|Any CPU
		{4C1478CE-F84A-4C4F-AA9E-1C81636B005A}.Debug|Any CPU.Build.0 = Debug|Any CPU
		{4C1478CE-F84A-4C4F-AA9E-1C81636B005A}.Release|Any CPU.ActiveCfg = Release|Any CPU
		{4C1478CE-F84A-4C4F-AA9E-1C81636B005A}.Release|Any CPU.Build.0 = Release|Any CPU
		{4F6A65FF-5626-48E4-AE6D-B66AA872F4F6}.Debug|Any CPU.ActiveCfg = Debug|Any CPU
		{4F6A65FF-5626-48E4-AE6D-B66AA872F4F6}.Debug|Any CPU.Build.0 = Debug|Any CPU
		{4F6A65FF-5626-48E4-AE6D-B66AA872F4F6}.Release|Any CPU.ActiveCfg = Release|Any CPU
		{4F6A65FF-5626-48E4-AE6D-B66AA872F4F6}.Release|Any CPU.Build.0 = Release|Any CPU
		{894077FA-360B-4318-A9AE-461F1EFCBD1D}.Debug|Any CPU.ActiveCfg = Debug|Any CPU
		{894077FA-360B-4318-A9AE-461F1EFCBD1D}.Debug|Any CPU.Build.0 = Debug|Any CPU
		{894077FA-360B-4318-A9AE-461F1EFCBD1D}.Release|Any CPU.ActiveCfg = Release|Any CPU
		{894077FA-360B-4318-A9AE-461F1EFCBD1D}.Release|Any CPU.Build.0 = Release|Any CPU
		{AF5E2358-9F42-4956-B356-BB2D4C990427}.Debug|Any CPU.ActiveCfg = Debug|Any CPU
		{AF5E2358-9F42-4956-B356-BB2D4C990427}.Debug|Any CPU.Build.0 = Debug|Any CPU
		{AF5E2358-9F42-4956-B356-BB2D4C990427}.Release|Any CPU.ActiveCfg = Release|Any CPU
		{AF5E2358-9F42-4956-B356-BB2D4C990427}.Release|Any CPU.Build.0 = Release|Any CPU
		{A34CDD83-A468-4B39-9DA0-6A5310E2AECD}.Debug|Any CPU.ActiveCfg = Debug|Any CPU
		{A34CDD83-A468-4B39-9DA0-6A5310E2AECD}.Debug|Any CPU.Build.0 = Debug|Any CPU
		{A34CDD83-A468-4B39-9DA0-6A5310E2AECD}.Release|Any CPU.ActiveCfg = Debug|Any CPU
		{A34CDD83-A468-4B39-9DA0-6A5310E2AECD}.Release|Any CPU.Build.0 = Debug|Any CPU
	EndGlobalSection
	GlobalSection(SolutionProperties) = preSolution
		HideSolutionNode = FALSE
	EndGlobalSection
	GlobalSection(NestedProjects) = preSolution
		{A34CDD83-A468-4B39-9DA0-6A5310E2AECD} = {34D79BF9-F913-4640-8422-AF94511CA5D7}
	EndGlobalSection
	GlobalSection(ExtensibilityGlobals) = postSolution
		SolutionGuid = {75E4A963-A9B4-402E-8839-A00B2BD4EE90}
	EndGlobalSection
EndGlobal
