
Microsoft Visual Studio Solution File, Format Version 12.00
# Visual Studio Version 16
VisualStudioVersion = 16.0.31911.196
MinimumVisualStudioVersion = 10.0.40219.1
Project("{FAE04EC0-301F-11D3-BF4B-00C04F79EFBC}") = "MentoringCSharp", "MentoringCSharp\MentoringCSharp.csproj", "{EC0C396C-6DDE-4C44-970F-54C5085B560F}"
EndProject
Project("{9A19103F-16F7-4668-BE54-9A1E7A4F7556}") = "EFCore.WebAPI", "EFCore.WebAPI\EFCore.WebAPI.csproj", "{A807A69E-CD0E-4079-A3EB-B9BFE78A837C}"
EndProject
Project("{FAE04EC0-301F-11D3-BF4B-00C04F79EFBC}") = "Calculator.WebAPI", "Calculator.WebAPI\Calculator.WebAPI.csproj", "{4C1478CE-F84A-4C4F-AA9E-1C81636B005A}"
EndProject
Global
	GlobalSection(SolutionConfigurationPlatforms) = preSolution
		Debug|Any CPU = Debug|Any CPU
		Release|Any CPU = Release|Any CPU
	EndGlobalSection
	GlobalSection(ProjectConfigurationPlatforms) = postSolution
		{EC0C396C-6DDE-4C44-970F-54C5085B560F}.Debug|Any CPU.ActiveCfg = Debug|Any CPU
		{EC0C396C-6DDE-4C44-970F-54C5085B560F}.Debug|Any CPU.Build.0 = Debug|Any CPU
		{EC0C396C-6DDE-4C44-970F-54C5085B560F}.Release|Any CPU.ActiveCfg = Release|Any CPU
		{EC0C396C-6DDE-4C44-970F-54C5085B560F}.Release|Any CPU.Build.0 = Release|Any CPU
		{A807A69E-CD0E-4079-A3EB-B9BFE78A837C}.Debug|Any CPU.ActiveCfg = Debug|Any CPU
		{A807A69E-CD0E-4079-A3EB-B9BFE78A837C}.Debug|Any CPU.Build.0 = Debug|Any CPU
		{A807A69E-CD0E-4079-A3EB-B9BFE78A837C}.Release|Any CPU.ActiveCfg = Release|Any CPU
		{A807A69E-CD0E-4079-A3EB-B9BFE78A837C}.Release|Any CPU.Build.0 = Release|Any CPU
		{4C1478CE-F84A-4C4F-AA9E-1C81636B005A}.Debug|Any CPU.ActiveCfg = Debug|Any CPU
		{4C1478CE-F84A-4C4F-AA9E-1C81636B005A}.Debug|Any CPU.Build.0 = Debug|Any CPU
		{4C1478CE-F84A-4C4F-AA9E-1C81636B005A}.Release|Any CPU.ActiveCfg = Release|Any CPU
		{4C1478CE-F84A-4C4F-AA9E-1C81636B005A}.Release|Any CPU.Build.0 = Release|Any CPU
	EndGlobalSection
	GlobalSection(SolutionProperties) = preSolution
		HideSolutionNode = FALSE
	EndGlobalSection
	GlobalSection(ExtensibilityGlobals) = postSolution
		SolutionGuid = {75E4A963-A9B4-402E-8839-A00B2BD4EE90}
	EndGlobalSection
EndGlobal
