
Microsoft Visual Studio Solution File, Format Version 12.00
# Visual Studio 15
VisualStudioVersion = 15.0.27703.2042
MinimumVisualStudioVersion = 10.0.40219.1
Project("{FAE04EC0-301F-11D3-BF4B-00C04F79EFBC}") = "MentoringCSharp", "MentoringCSharp\MentoringCSharp.csproj", "{EC0C396C-6DDE-4C44-970F-54C5085B560F}"
EndProject
Global
	GlobalSection(SolutionConfigurationPlatforms) = preSolution
		Debug|Any CPU = Debug|Any CPU
		Release|Any CPU = Release|Any CPU
	EndGlobalSection
	GlobalSection(ProjectConfigurationPlatforms) = postSolution
		{EC0C396C-6DDE-4C44-970F-54C5085B560F}.Debug|Any CPU.ActiveCfg = Debug|Any CPU
		{EC0C396C-6DDE-4C44-970F-54C5085B560F}.Debug|Any CPU.Build.0 = Debug|Any CPU
		{EC0C396C-6DDE-4C44-970F-54C5085B560F}.Release|Any CPU.ActiveCfg = Release|Any CPU
		{EC0C396C-6DDE-4C44-970F-54C5085B560F}.Release|Any CPU.Build.0 = Release|Any CPU
	EndGlobalSection
	GlobalSection(SolutionProperties) = preSolution
		HideSolutionNode = FALSE
	EndGlobalSection
	GlobalSection(ExtensibilityGlobals) = postSolution
		SolutionGuid = {75E4A963-A9B4-402E-8839-A00B2BD4EE90}
	EndGlobalSection
EndGlobal
